
Microsoft Visual Studio Solution File, Format Version 12.00
# Visual Studio 2012
Project("{F184B08F-C81C-45F6-A57F-5ABD9991F28F}") = "QuotelinkSpire", "QuotelinkSpire\QuotelinkSpire.vbproj", "{7FA4EF6B-E36A-496F-8B42-98B053047622}"
EndProject
Global
	GlobalSection(SolutionConfigurationPlatforms) = preSolution
		Debug|Any CPU = Debug|Any CPU
		Debug|Mixed Platforms = Debug|Mixed Platforms
		Debug|x86 = Debug|x86
		Release|Any CPU = Release|Any CPU
		Release|Mixed Platforms = Release|Mixed Platforms
		Release|x86 = Release|x86
	EndGlobalSection
	GlobalSection(ProjectConfigurationPlatforms) = postSolution
		{7FA4EF6B-E36A-496F-8B42-98B053047622}.Debug|Any CPU.ActiveCfg = Debug|Any CPU
		{7FA4EF6B-E36A-496F-8B42-98B053047622}.Debug|Any CPU.Build.0 = Debug|Any CPU
		{7FA4EF6B-E36A-496F-8B42-98B053047622}.Debug|Mixed Platforms.ActiveCfg = Debug|Any CPU
		{7FA4EF6B-E36A-496F-8B42-98B053047622}.Debug|Mixed Platforms.Build.0 = Debug|Any CPU
		{7FA4EF6B-E36A-496F-8B42-98B053047622}.Debug|x86.ActiveCfg = Debug|Any CPU
		{7FA4EF6B-E36A-496F-8B42-98B053047622}.Release|Any CPU.ActiveCfg = Release|Any CPU
		{7FA4EF6B-E36A-496F-8B42-98B053047622}.Release|Any CPU.Build.0 = Release|Any CPU
		{7FA4EF6B-E36A-496F-8B42-98B053047622}.Release|Mixed Platforms.ActiveCfg = Release|Any CPU
		{7FA4EF6B-E36A-496F-8B42-98B053047622}.Release|Mixed Platforms.Build.0 = Release|Any CPU
		{7FA4EF6B-E36A-496F-8B42-98B053047622}.Release|x86.ActiveCfg = Release|Any CPU
	EndGlobalSection
	GlobalSection(SolutionProperties) = preSolution
		HideSolutionNode = FALSE
	EndGlobalSection
EndGlobal
